{
  "name": "web-form",
  "version": "1.0.0",
  "lockfileVersion": 2,
  "requires": true,
  "packages": {
    "": {
      "name": "web-form",
      "version": "1.0.0",
      "license": "ISC",
      "dependencies": {
        "@harukinguyen/validatorjs": "^1.0.8"
      }
    },
    "node_modules/@harukinguyen/validatorjs": {
      "version": "1.0.8",
      "resolved": "https://registry.npmjs.org/@harukinguyen/validatorjs/-/validatorjs-1.0.8.tgz",
      "integrity": "sha512-5unHprSTT5NLo6mfN2jyLueVEnJiMj9z9Ot9BJ/TcP6432KnOI4BlvDDcrJMG4MIciWwcv1Ee5jxHghm2/WoQg=="
    }
  },
  "dependencies": {
    "@harukinguyen/validatorjs": {
      "version": "1.0.8",
      "resolved": "https://registry.npmjs.org/@harukinguyen/validatorjs/-/validatorjs-1.0.8.tgz",
      "integrity": "sha512-5unHprSTT5NLo6mfN2jyLueVEnJiMj9z9Ot9BJ/TcP6432KnOI4BlvDDcrJMG4MIciWwcv1Ee5jxHghm2/WoQg=="
    }
  }
}
