{
  "name": "web-form",
  "version": "1.0.0",
  "lockfileVersion": 2,
  "requires": true,
  "packages": {
    "": {
      "name": "web-form",
      "version": "1.0.0",
      "license": "ISC",
      "dependencies": {
        "@harukinguyen/validatorjs": "^1.0.6"
      }
    },
    "node_modules/@harukinguyen/validatorjs": {
      "version": "1.0.6",
      "resolved": "https://registry.npmjs.org/@harukinguyen/validatorjs/-/validatorjs-1.0.6.tgz",
      "integrity": "sha512-eR6woY2LaFoQHXApxoZFx/+0fRrc4BFVNCmP7sVI0Gwwfq232ePj5N8Fp71s13Sfjx0K91jGLhUKdgAA0qPAoQ=="
    }
  },
  "dependencies": {
    "@harukinguyen/validatorjs": {
      "version": "1.0.6",
      "resolved": "https://registry.npmjs.org/@harukinguyen/validatorjs/-/validatorjs-1.0.6.tgz",
      "integrity": "sha512-eR6woY2LaFoQHXApxoZFx/+0fRrc4BFVNCmP7sVI0Gwwfq232ePj5N8Fp71s13Sfjx0K91jGLhUKdgAA0qPAoQ=="
    }
  }
}
